# Generated by pub
# See https://dart.dev/tools/pub/glossary#lockfile
packages:
  _fe_analyzer_shared:
    dependency: transitive
    description:
      name: _fe_analyzer_shared
<<<<<<< HEAD
      sha256: ae92f5d747aee634b87f89d9946000c2de774be1d6ac3e58268224348cd0101a
      url: "https://pub.dev"
    source: hosted
    version: "61.0.0"
=======
      sha256: e440ac42679dfc04bbbefb58ed225c994bc7e07fccc8a68ec7d3631a127e5da9
      url: "https://pub.dev"
    source: hosted
    version: "54.0.0"
>>>>>>> v3.0.0
  a_star_algorithm:
    dependency: transitive
    description:
      name: a_star_algorithm
      sha256: a40f853fb1ec328b8bb3069a5e697b9fc6d5106c109d5feee3028c2ed9b985ab
      url: "https://pub.dev"
    source: hosted
    version: "0.3.0"
  analyzer:
    dependency: transitive
    description:
      name: analyzer
<<<<<<< HEAD
      sha256: ea3d8652bda62982addfd92fdc2d0214e5f82e43325104990d4f4c4a2a313562
      url: "https://pub.dev"
    source: hosted
    version: "5.13.0"
=======
      sha256: "2c2e3721ee9fb36de92faa060f3480c81b23e904352b087e5c64224b1a044427"
      url: "https://pub.dev"
    source: hosted
    version: "5.6.0"
>>>>>>> v3.0.0
  args:
    dependency: transitive
    description:
      name: args
<<<<<<< HEAD
      sha256: eef6c46b622e0494a36c5a12d10d77fb4e855501a91c1b9ef9339326e58f0596
      url: "https://pub.dev"
    source: hosted
    version: "2.4.2"
=======
      sha256: "4cab82a83ffef80b262ddedf47a0a8e56ee6fbf7fe21e6e768b02792034dd440"
      url: "https://pub.dev"
    source: hosted
    version: "2.4.0"
>>>>>>> v3.0.0
  async:
    dependency: transitive
    description:
      name: async
      sha256: bfe67ef28df125b7dddcea62755991f807aa39a2492a23e1550161692950bbe0
      url: "https://pub.dev"
    source: hosted
    version: "2.10.0"
  bonfire:
    dependency: "direct main"
    description:
      path: ".."
      relative: true
    source: path
<<<<<<< HEAD
    version: "2.12.8"
=======
    version: "3.0.0-beta.15"
>>>>>>> v3.0.0
  boolean_selector:
    dependency: transitive
    description:
      name: boolean_selector
      sha256: "6cfb5af12253eaf2b368f07bacc5a80d1301a071c73360d746b7f2e32d762c66"
      url: "https://pub.dev"
    source: hosted
    version: "2.1.1"
  characters:
    dependency: transitive
    description:
      name: characters
      sha256: "04a925763edad70e8443c99234dc3328f442e811f1d8fd1a72f1c8ad0f69a605"
      url: "https://pub.dev"
    source: hosted
    version: "1.3.0"
<<<<<<< HEAD
  charcode:
    dependency: transitive
    description:
      name: charcode
      sha256: "8e36feea6de5ea69f2199f29cf42a450a855738c498b57c0b980e2d3cca9c362"
      url: "https://pub.dev"
    source: hosted
    version: "1.2.0"
=======
>>>>>>> v3.0.0
  collection:
    dependency: transitive
    description:
      name: collection
      sha256: f092b211a4319e98e5ff58223576de6c2803db36221657b46c82574721240687
      url: "https://pub.dev"
    source: hosted
    version: "1.17.2"
  convert:
    dependency: transitive
    description:
      name: convert
      sha256: "0f08b14755d163f6e2134cb58222dd25ea2a2ee8a195e53983d57c075324d592"
      url: "https://pub.dev"
    source: hosted
    version: "3.1.1"
  coverage:
    dependency: transitive
    description:
      name: coverage
      sha256: "2fb815080e44a09b85e0f2ca8a820b15053982b2e714b59267719e8a9ff17097"
      url: "https://pub.dev"
    source: hosted
    version: "1.6.3"
  crypto:
    dependency: transitive
    description:
      name: crypto
<<<<<<< HEAD
      sha256: ff625774173754681d66daaf4a448684fb04b78f902da9cb3d308c19cc5e8bab
      url: "https://pub.dev"
    source: hosted
    version: "3.0.3"
=======
      sha256: aa274aa7774f8964e4f4f38cc994db7b6158dd36e9187aaceaddc994b35c6c67
      url: "https://pub.dev"
    source: hosted
    version: "3.0.2"
>>>>>>> v3.0.0
  fast_noise:
    dependency: "direct main"
    description:
      name: fast_noise
      sha256: "271031cebf1602fc064472970e658fa7ff2f3b55a979bb430337b715bd55690b"
      url: "https://pub.dev"
    source: hosted
    version: "1.0.1"
  file:
    dependency: transitive
    description:
      name: file
      sha256: "1b92bec4fc2a72f59a8e15af5f52cd441e4a7860b49499d69dfa817af20e925d"
      url: "https://pub.dev"
    source: hosted
    version: "6.1.4"
  fixnum:
    dependency: transitive
    description:
      name: fixnum
      sha256: "25517a4deb0c03aa0f32fd12db525856438902d9c16536311e76cdc57b31d7d1"
      url: "https://pub.dev"
    source: hosted
    version: "1.1.0"
  flame:
    dependency: transitive
    description:
      name: flame
<<<<<<< HEAD
      sha256: c38e1be5827aa839c166c6ed08a2733bb4523bf153d8c670739c20c842fa1844
      url: "https://pub.dev"
    source: hosted
    version: "1.7.3"
=======
      sha256: bd2b45f9fc0ec4939031b85c0b0a97cf09357c12ecd072d44389a4c577a2c0f0
      url: "https://pub.dev"
    source: hosted
    version: "1.8.2"
>>>>>>> v3.0.0
  flutter:
    dependency: "direct main"
    description: flutter
    source: sdk
    version: "0.0.0"
  flutter_lints:
    dependency: "direct dev"
    description:
      name: flutter_lints
      sha256: aeb0b80a8b3709709c9cc496cdc027c5b3216796bc0af0ce1007eaf24464fd4c
      url: "https://pub.dev"
    source: hosted
    version: "2.0.1"
<<<<<<< HEAD
=======
  flutter_web_plugins:
    dependency: transitive
    description: flutter
    source: sdk
    version: "0.0.0"
>>>>>>> v3.0.0
  frontend_server_client:
    dependency: transitive
    description:
      name: frontend_server_client
      sha256: "408e3ca148b31c20282ad6f37ebfa6f4bdc8fede5b74bc2f08d9d92b55db3612"
      url: "https://pub.dev"
    source: hosted
    version: "3.2.0"
<<<<<<< HEAD
=======
  gif_view:
    dependency: "direct main"
    description:
      name: gif_view
      sha256: "73a089a046fd1a5e63e3856cf30ef7bac1e64b78d79becde1449e955dddfb645"
      url: "https://pub.dev"
    source: hosted
    version: "0.4.0"
>>>>>>> v3.0.0
  glob:
    dependency: transitive
    description:
      name: glob
<<<<<<< HEAD
      sha256: "0e7014b3b7d4dac1ca4d6114f82bf1782ee86745b9b42a92c9289c23d8a0ab63"
      url: "https://pub.dev"
    source: hosted
    version: "2.1.2"
=======
      sha256: "4515b5b6ddb505ebdd242a5f2cc5d22d3d6a80013789debfbda7777f47ea308c"
      url: "https://pub.dev"
    source: hosted
    version: "2.1.1"
>>>>>>> v3.0.0
  http:
    dependency: transitive
    description:
      name: http
      sha256: "759d1a329847dd0f39226c688d3e06a6b8679668e350e2891a6474f8b4bb8525"
      url: "https://pub.dev"
    source: hosted
    version: "1.1.0"
  http_multi_server:
    dependency: transitive
    description:
      name: http_multi_server
      sha256: "97486f20f9c2f7be8f514851703d0119c3596d14ea63227af6f7a481ef2b2f8b"
      url: "https://pub.dev"
    source: hosted
    version: "3.2.1"
  http_parser:
    dependency: transitive
    description:
      name: http_parser
      sha256: "2aa08ce0341cc9b354a498388e30986515406668dbcc4f7c950c3e715496693b"
      url: "https://pub.dev"
    source: hosted
    version: "4.0.2"
  io:
    dependency: transitive
    description:
      name: io
      sha256: "2ec25704aba361659e10e3e5f5d672068d332fc8ac516421d483a11e5cbd061e"
      url: "https://pub.dev"
    source: hosted
    version: "1.0.4"
  js:
    dependency: transitive
    description:
      name: js
      sha256: f2c445dce49627136094980615a031419f7f3eb393237e4ecd97ac15dea343f3
      url: "https://pub.dev"
    source: hosted
    version: "0.6.7"
  lints:
    dependency: transitive
    description:
      name: lints
      sha256: "5e4a9cd06d447758280a8ac2405101e0e2094d2a1dbdd3756aec3fe7775ba593"
      url: "https://pub.dev"
    source: hosted
    version: "2.0.1"
  logging:
    dependency: transitive
    description:
      name: logging
<<<<<<< HEAD
      sha256: "623a88c9594aa774443aa3eb2d41807a48486b5613e67599fb4c41c0ad47c340"
      url: "https://pub.dev"
    source: hosted
    version: "1.2.0"
=======
      sha256: "04094f2eb032cbb06c6f6e8d3607edcfcb0455e2bb6cbc010cb01171dcb64e6d"
      url: "https://pub.dev"
    source: hosted
    version: "1.1.1"
>>>>>>> v3.0.0
  matcher:
    dependency: transitive
    description:
      name: matcher
      sha256: c94db23593b89766cda57aab9ac311e3616cf87c6fa4e9749df032f66f30dcb8
      url: "https://pub.dev"
    source: hosted
    version: "0.12.14"
  material_color_utilities:
    dependency: transitive
    description:
      name: material_color_utilities
      sha256: "9528f2f296073ff54cb9fee677df673ace1218163c3bc7628093e7eed5203d41"
      url: "https://pub.dev"
    source: hosted
    version: "0.5.0"
  meta:
    dependency: transitive
    description:
      name: meta
      sha256: "3c74dbf8763d36539f114c799d8a2d87343b5067e9d796ca22b5eb8437090ee3"
      url: "https://pub.dev"
    source: hosted
    version: "1.9.1"
  mime:
    dependency: transitive
    description:
      name: mime
      sha256: e4ff8e8564c03f255408decd16e7899da1733852a9110a58fe6d1b817684a63e
      url: "https://pub.dev"
    source: hosted
    version: "1.0.4"
  node_preamble:
    dependency: transitive
    description:
      name: node_preamble
<<<<<<< HEAD
      sha256: "6e7eac89047ab8a8d26cf16127b5ed26de65209847630400f9aefd7cd5c730db"
      url: "https://pub.dev"
    source: hosted
    version: "2.0.2"
=======
      sha256: "8ebdbaa3b96d5285d068f80772390d27c21e1fa10fb2df6627b1b9415043608d"
      url: "https://pub.dev"
    source: hosted
    version: "2.0.1"
>>>>>>> v3.0.0
  ordered_set:
    dependency: transitive
    description:
      name: ordered_set
      sha256: "3fedcc9121b3ba24c0a84f32da2989c42e36c159b73feadbc2f402dc55966b81"
      url: "https://pub.dev"
    source: hosted
    version: "5.0.1"
  package_config:
    dependency: transitive
    description:
      name: package_config
      sha256: "1c5b77ccc91e4823a5af61ee74e6b972db1ef98c2ff5a18d3161c982a55448bd"
      url: "https://pub.dev"
    source: hosted
    version: "2.1.0"
  path:
    dependency: transitive
    description:
      name: path
      sha256: "8829d8a55c13fc0e37127c29fedf290c102f4e40ae94ada574091fe0ff96c917"
      url: "https://pub.dev"
    source: hosted
<<<<<<< HEAD
    version: "1.8.0"
=======
    version: "1.8.3"
  plugin_platform_interface:
    dependency: transitive
    description:
      name: plugin_platform_interface
      sha256: da3fdfeccc4d4ff2da8f8c556704c08f912542c5fb3cf2233ed75372384a034d
      url: "https://pub.dev"
    source: hosted
    version: "2.1.6"
>>>>>>> v3.0.0
  pool:
    dependency: transitive
    description:
      name: pool
      sha256: "20fe868b6314b322ea036ba325e6fc0711a22948856475e2c2b6306e8ab39c2a"
      url: "https://pub.dev"
    source: hosted
    version: "1.5.1"
  pub_semver:
    dependency: transitive
    description:
      name: pub_semver
<<<<<<< HEAD
      sha256: "40d3ab1bbd474c4c2328c91e3a7df8c6dd629b79ece4c4bd04bee496a224fb0c"
      url: "https://pub.dev"
    source: hosted
    version: "2.1.4"
=======
      sha256: "307de764d305289ff24ad257ad5c5793ce56d04947599ad68b3baa124105fc17"
      url: "https://pub.dev"
    source: hosted
    version: "2.1.3"
>>>>>>> v3.0.0
  shelf:
    dependency: transitive
    description:
      name: shelf
      sha256: c24a96135a2ccd62c64b69315a14adc5c3419df63b4d7c05832a346fdb73682c
      url: "https://pub.dev"
    source: hosted
    version: "1.4.0"
  shelf_packages_handler:
    dependency: transitive
    description:
      name: shelf_packages_handler
<<<<<<< HEAD
      sha256: "89f967eca29607c933ba9571d838be31d67f53f6e4ee15147d5dc2934fee1b1e"
      url: "https://pub.dev"
    source: hosted
    version: "3.0.2"
=======
      sha256: aef74dc9195746a384843102142ab65b6a4735bb3beea791e63527b88cc83306
      url: "https://pub.dev"
    source: hosted
    version: "3.0.1"
>>>>>>> v3.0.0
  shelf_static:
    dependency: transitive
    description:
      name: shelf_static
<<<<<<< HEAD
      sha256: "8584c0aa0f5756a61519b1a2fc2cd22ddbc518e9396bd33ebf06b9836bb23d13"
      url: "https://pub.dev"
    source: hosted
    version: "1.0.0"
=======
      sha256: e792b76b96a36d4a41b819da593aff4bdd413576b3ba6150df5d8d9996d2e74c
      url: "https://pub.dev"
    source: hosted
    version: "1.1.1"
>>>>>>> v3.0.0
  shelf_web_socket:
    dependency: transitive
    description:
      name: shelf_web_socket
<<<<<<< HEAD
      sha256: "520368a1a49798425310ca0ee28eb92b3c737e4e9d173c31b6c66fe090ebc6fc"
      url: "https://pub.dev"
    source: hosted
    version: "1.0.0"
=======
      sha256: a988c0e8d8ffbdb8a28aa7ec8e449c260f3deb808781fe1284d22c5bba7156e8
      url: "https://pub.dev"
    source: hosted
    version: "1.0.3"
>>>>>>> v3.0.0
  sky_engine:
    dependency: transitive
    description: flutter
    source: sdk
    version: "0.0.99"
  source_map_stack_trace:
    dependency: transitive
    description:
      name: source_map_stack_trace
      sha256: "84cf769ad83aa6bb61e0aa5a18e53aea683395f196a6f39c4c881fb90ed4f7ae"
      url: "https://pub.dev"
    source: hosted
    version: "2.1.1"
  source_maps:
    dependency: transitive
    description:
      name: source_maps
      sha256: "708b3f6b97248e5781f493b765c3337db11c5d2c81c3094f10904bfa8004c703"
      url: "https://pub.dev"
    source: hosted
    version: "0.10.12"
  source_span:
    dependency: transitive
    description:
      name: source_span
      sha256: dd904f795d4b4f3b870833847c461801f6750a9fa8e61ea5ac53f9422b31f250
      url: "https://pub.dev"
    source: hosted
    version: "1.9.1"
  stack_trace:
    dependency: transitive
    description:
      name: stack_trace
      sha256: c3c7d8edb15bee7f0f74debd4b9c5f3c2ea86766fe4178eb2a18eb30a0bdaed5
      url: "https://pub.dev"
    source: hosted
    version: "1.11.0"
  stream_channel:
    dependency: transitive
    description:
      name: stream_channel
      sha256: "83615bee9045c1d322bbbd1ba209b7a749c2cbcdcb3fdd1df8eb488b3279c1c8"
      url: "https://pub.dev"
    source: hosted
    version: "2.1.1"
  string_scanner:
    dependency: transitive
    description:
      name: string_scanner
      sha256: "556692adab6cfa87322a115640c11f13cb77b3f076ddcc5d6ae3c20242bedcde"
      url: "https://pub.dev"
    source: hosted
    version: "1.2.0"
  term_glyph:
    dependency: transitive
    description:
      name: term_glyph
      sha256: a29248a84fbb7c79282b40b8c72a1209db169a2e0542bce341da992fe1bc7e84
      url: "https://pub.dev"
    source: hosted
    version: "1.2.1"
  test:
    dependency: "direct dev"
    description:
      name: test
      sha256: "5301f54eb6fe945daa99bc8df6ece3f88b5ceaa6f996f250efdaaf63e22886be"
      url: "https://pub.dev"
    source: hosted
    version: "1.23.1"
  test_api:
    dependency: transitive
    description:
      name: test_api
      sha256: "6182294da5abf431177fccc1ee02401f6df30f766bc6130a0852c6b6d7ee6b2d"
      url: "https://pub.dev"
    source: hosted
    version: "0.4.18"
  test_core:
    dependency: transitive
    description:
      name: test_core
      sha256: d2e9240594b409565524802b84b7b39341da36dd6fd8e1660b53ad928ec3e9af
      url: "https://pub.dev"
    source: hosted
    version: "0.4.24"
  tiledjsonreader:
    dependency: transitive
    description:
      name: tiledjsonreader
      sha256: be0c4659cddccd1076a0b89b9933a6ef559806dbf396ab3395c5de012e1f96c9
      url: "https://pub.dev"
    source: hosted
    version: "1.2.7"
  typed_data:
    dependency: transitive
    description:
      name: typed_data
      sha256: "26f87ade979c47a150c9eaab93ccd2bebe70a27dc0b4b29517f2904f04eb11a5"
      url: "https://pub.dev"
    source: hosted
    version: "1.3.1"
  url_launcher:
    dependency: "direct main"
    description:
      name: url_launcher
      sha256: "47e208a6711459d813ba18af120d9663c20bdf6985d6ad39fe165d2538378d27"
      url: "https://pub.dev"
    source: hosted
    version: "6.1.14"
  url_launcher_android:
    dependency: transitive
    description:
      name: url_launcher_android
      sha256: b04af59516ab45762b2ca6da40fa830d72d0f6045cd97744450b73493fa76330
      url: "https://pub.dev"
    source: hosted
    version: "6.1.0"
  url_launcher_ios:
    dependency: transitive
    description:
      name: url_launcher_ios
      sha256: "7c65021d5dee51813d652357bc65b8dd4a6177082a9966bc8ba6ee477baa795f"
      url: "https://pub.dev"
    source: hosted
    version: "6.1.5"
  url_launcher_linux:
    dependency: transitive
    description:
      name: url_launcher_linux
      sha256: b651aad005e0cb06a01dbd84b428a301916dc75f0e7ea6165f80057fee2d8e8e
      url: "https://pub.dev"
    source: hosted
    version: "3.0.6"
  url_launcher_macos:
    dependency: transitive
    description:
      name: url_launcher_macos
      sha256: b55486791f666e62e0e8ff825e58a023fd6b1f71c49926483f1128d3bbd8fe88
      url: "https://pub.dev"
    source: hosted
    version: "3.0.7"
  url_launcher_platform_interface:
    dependency: transitive
    description:
      name: url_launcher_platform_interface
      sha256: "95465b39f83bfe95fcb9d174829d6476216f2d548b79c38ab2506e0458787618"
      url: "https://pub.dev"
    source: hosted
    version: "2.1.5"
  url_launcher_web:
    dependency: transitive
    description:
      name: url_launcher_web
      sha256: "2942294a500b4fa0b918685aff406773ba0a4cd34b7f42198742a94083020ce5"
      url: "https://pub.dev"
    source: hosted
    version: "2.0.20"
  url_launcher_windows:
    dependency: transitive
    description:
      name: url_launcher_windows
      sha256: "95fef3129dc7cfaba2bc3d5ba2e16063bb561fc6d78e63eee16162bc70029069"
      url: "https://pub.dev"
    source: hosted
    version: "3.0.8"
  vector_math:
    dependency: transitive
    description:
      name: vector_math
      sha256: "80b3257d1492ce4d091729e3a67a60407d227c27241d6927be0130c98e741803"
      url: "https://pub.dev"
    source: hosted
    version: "2.1.4"
  vm_service:
    dependency: transitive
    description:
      name: vm_service
<<<<<<< HEAD
      sha256: b8c67f5fa3897b122cf60fe9ff314f7b0ef71eab25c5f8b771480bc338f48823
      url: "https://pub.dev"
    source: hosted
    version: "11.7.2"
=======
      sha256: f24bfb5ea0b015205e583dda73d67de44785d583ad0889929deaff3a32359ff5
      url: "https://pub.dev"
    source: hosted
    version: "11.1.0"
>>>>>>> v3.0.0
  watcher:
    dependency: transitive
    description:
      name: watcher
<<<<<<< HEAD
      sha256: "3d2ad6751b3c16cf07c7fca317a1413b3f26530319181b37e3b9039b84fc01d8"
      url: "https://pub.dev"
    source: hosted
    version: "1.1.0"
=======
      sha256: "6a7f46926b01ce81bfc339da6a7f20afbe7733eff9846f6d6a5466aa4c6667c0"
      url: "https://pub.dev"
    source: hosted
    version: "1.0.2"
>>>>>>> v3.0.0
  web:
    dependency: transitive
    description:
      name: web
      sha256: dc8ccd225a2005c1be616fe02951e2e342092edf968cf0844220383757ef8f10
      url: "https://pub.dev"
    source: hosted
    version: "0.1.4-beta"
  web_socket_channel:
    dependency: transitive
    description:
      name: web_socket_channel
<<<<<<< HEAD
      sha256: d88238e5eac9a42bb43ca4e721edba3c08c6354d4a53063afaa568516217621b
      url: "https://pub.dev"
    source: hosted
    version: "2.4.0"
=======
      sha256: ca49c0bc209c687b887f30527fb6a9d80040b072cc2990f34b9bec3e7663101b
      url: "https://pub.dev"
    source: hosted
    version: "2.3.0"
>>>>>>> v3.0.0
  webkit_inspection_protocol:
    dependency: transitive
    description:
      name: webkit_inspection_protocol
      sha256: "67d3a8b6c79e1987d19d848b0892e582dbb0c66c57cc1fef58a177dd2aa2823d"
      url: "https://pub.dev"
    source: hosted
    version: "1.2.0"
  yaml:
    dependency: transitive
    description:
      name: yaml
<<<<<<< HEAD
      sha256: "75769501ea3489fca56601ff33454fe45507ea3bfb014161abc3b43ae25989d5"
      url: "https://pub.dev"
    source: hosted
    version: "3.1.2"
sdks:
  dart: ">=3.1.0-185.0.dev <4.0.0"
  flutter: ">=3.3.0"
=======
      sha256: "23812a9b125b48d4007117254bca50abb6c712352927eece9e155207b1db2370"
      url: "https://pub.dev"
    source: hosted
    version: "3.1.1"
sdks:
  dart: ">=3.1.0 <4.0.0"
  flutter: ">=3.13.0"
>>>>>>> v3.0.0
